
Microsoft Visual Studio Solution File, Format Version 12.00
# Visual Studio 15
VisualStudioVersion = 15.0.26124.0
MinimumVisualStudioVersion = 15.0.26124.0
Project("{2150E333-8FDC-42A3-9474-1A3956D46DE8}") = "src", "src", "{F8EF4FB5-3454-4773-9758-12E8C8F4CD18}"
EndProject
Project("{FAE04EC0-301F-11D3-BF4B-00C04F79EFBC}") = "api", "src\api\api.csproj", "{55CF230D-2C7E-453A-BAD4-EE0D20A3DCFF}"
EndProject
Project("{FAE04EC0-301F-11D3-BF4B-00C04F79EFBC}") = "tests", "src\tests\tests.csproj", "{1C048C1A-888E-42B2-8036-FCBE6FAD298F}"
EndProject
Global
	GlobalSection(SolutionConfigurationPlatforms) = preSolution
		Debug|Any CPU = Debug|Any CPU
		Debug|x64 = Debug|x64
		Debug|x86 = Debug|x86
		Release|Any CPU = Release|Any CPU
		Release|x64 = Release|x64
		Release|x86 = Release|x86
	EndGlobalSection
	GlobalSection(SolutionProperties) = preSolution
		HideSolutionNode = FALSE
	EndGlobalSection
	GlobalSection(ProjectConfigurationPlatforms) = postSolution
		{55CF230D-2C7E-453A-BAD4-EE0D20A3DCFF}.Debug|Any CPU.ActiveCfg = Debug|Any CPU
		{55CF230D-2C7E-453A-BAD4-EE0D20A3DCFF}.Debug|Any CPU.Build.0 = Debug|Any CPU
		{55CF230D-2C7E-453A-BAD4-EE0D20A3DCFF}.Debug|x64.ActiveCfg = Debug|Any CPU
		{55CF230D-2C7E-453A-BAD4-EE0D20A3DCFF}.Debug|x64.Build.0 = Debug|Any CPU
		{55CF230D-2C7E-453A-BAD4-EE0D20A3DCFF}.Debug|x86.ActiveCfg = Debug|Any CPU
		{55CF230D-2C7E-453A-BAD4-EE0D20A3DCFF}.Debug|x86.Build.0 = Debug|Any CPU
		{55CF230D-2C7E-453A-BAD4-EE0D20A3DCFF}.Release|Any CPU.ActiveCfg = Release|Any CPU
		{55CF230D-2C7E-453A-BAD4-EE0D20A3DCFF}.Release|Any CPU.Build.0 = Release|Any CPU
		{55CF230D-2C7E-453A-BAD4-EE0D20A3DCFF}.Release|x64.ActiveCfg = Release|Any CPU
		{55CF230D-2C7E-453A-BAD4-EE0D20A3DCFF}.Release|x64.Build.0 = Release|Any CPU
		{55CF230D-2C7E-453A-BAD4-EE0D20A3DCFF}.Release|x86.ActiveCfg = Release|Any CPU
		{55CF230D-2C7E-453A-BAD4-EE0D20A3DCFF}.Release|x86.Build.0 = Release|Any CPU
		{1C048C1A-888E-42B2-8036-FCBE6FAD298F}.Debug|Any CPU.ActiveCfg = Debug|Any CPU
		{1C048C1A-888E-42B2-8036-FCBE6FAD298F}.Debug|Any CPU.Build.0 = Debug|Any CPU
		{1C048C1A-888E-42B2-8036-FCBE6FAD298F}.Debug|x64.ActiveCfg = Debug|Any CPU
		{1C048C1A-888E-42B2-8036-FCBE6FAD298F}.Debug|x64.Build.0 = Debug|Any CPU
		{1C048C1A-888E-42B2-8036-FCBE6FAD298F}.Debug|x86.ActiveCfg = Debug|Any CPU
		{1C048C1A-888E-42B2-8036-FCBE6FAD298F}.Debug|x86.Build.0 = Debug|Any CPU
		{1C048C1A-888E-42B2-8036-FCBE6FAD298F}.Release|Any CPU.ActiveCfg = Release|Any CPU
		{1C048C1A-888E-42B2-8036-FCBE6FAD298F}.Release|Any CPU.Build.0 = Release|Any CPU
		{1C048C1A-888E-42B2-8036-FCBE6FAD298F}.Release|x64.ActiveCfg = Release|Any CPU
		{1C048C1A-888E-42B2-8036-FCBE6FAD298F}.Release|x64.Build.0 = Release|Any CPU
		{1C048C1A-888E-42B2-8036-FCBE6FAD298F}.Release|x86.ActiveCfg = Release|Any CPU
		{1C048C1A-888E-42B2-8036-FCBE6FAD298F}.Release|x86.Build.0 = Release|Any CPU
	EndGlobalSection
	GlobalSection(NestedProjects) = preSolution
		{55CF230D-2C7E-453A-BAD4-EE0D20A3DCFF} = {F8EF4FB5-3454-4773-9758-12E8C8F4CD18}
		{1C048C1A-888E-42B2-8036-FCBE6FAD298F} = {F8EF4FB5-3454-4773-9758-12E8C8F4CD18}
	EndGlobalSection
EndGlobal
